
Microsoft Visual Studio Solution File, Format Version 12.00
# Visual Studio Version 17
VisualStudioVersion = 17.9.34714.143
MinimumVisualStudioVersion = 10.0.40219.1
Project("{FAE04EC0-301F-11D3-BF4B-00C04F79EFBC}") = "GitTestApp", "GitTestApp\GitTestApp.csproj", "{EF2C8D8A-0827-4ADD-A8C4-4B1EF05155A4}"
EndProject
Global
	GlobalSection(SolutionConfigurationPlatforms) = preSolution
		Debug|Any CPU = Debug|Any CPU
		Release|Any CPU = Release|Any CPU
	EndGlobalSection
	GlobalSection(ProjectConfigurationPlatforms) = postSolution
		{EF2C8D8A-0827-4ADD-A8C4-4B1EF05155A4}.Debug|Any CPU.ActiveCfg = Debug|Any CPU
		{EF2C8D8A-0827-4ADD-A8C4-4B1EF05155A4}.Debug|Any CPU.Build.0 = Debug|Any CPU
		{EF2C8D8A-0827-4ADD-A8C4-4B1EF05155A4}.Release|Any CPU.ActiveCfg = Release|Any CPU
		{EF2C8D8A-0827-4ADD-A8C4-4B1EF05155A4}.Release|Any CPU.Build.0 = Release|Any CPU
	EndGlobalSection
	GlobalSection(SolutionProperties) = preSolution
		HideSolutionNode = FALSE
	EndGlobalSection
	GlobalSection(ExtensibilityGlobals) = postSolution
		SolutionGuid = {AE030A27-C638-4624-81C3-AC5162610A65}
	EndGlobalSection
EndGlobal
